
Microsoft Visual Studio Solution File, Format Version 12.00
# Visual Studio Version 16
VisualStudioVersion = 16.0.30509.190
MinimumVisualStudioVersion = 10.0.40219.1
Project("{9A19103F-16F7-4668-BE54-9A1E7A4F7556}") = "BlkHost", "BlkHost\BlkHost.csproj", "{C0AE1E2F-B900-4417-A6E4-317D4C9E313B}"
EndProject
Project("{9A19103F-16F7-4668-BE54-9A1E7A4F7556}") = "Tests", "Tests\Tests.csproj", "{C68910E4-83CF-4372-BB21-2557CC3837D9}"
EndProject
Project("{9A19103F-16F7-4668-BE54-9A1E7A4F7556}") = "Common", "Common\Common.csproj", "{9CC29017-6113-4FD1-BF26-82AF136180EE}"
EndProject
Project("{FAE04EC0-301F-11D3-BF4B-00C04F79EFBC}") = "CodeGenerator", "CodeGenerator\CodeGenerator.csproj", "{C3B88560-5390-48A7-B81F-41E0E42711CA}"
EndProject
Global
	GlobalSection(SolutionConfigurationPlatforms) = preSolution
		Debug|Any CPU = Debug|Any CPU
		Release|Any CPU = Release|Any CPU
	EndGlobalSection
	GlobalSection(ProjectConfigurationPlatforms) = postSolution
		{C0AE1E2F-B900-4417-A6E4-317D4C9E313B}.Debug|Any CPU.ActiveCfg = Debug|Any CPU
		{C0AE1E2F-B900-4417-A6E4-317D4C9E313B}.Debug|Any CPU.Build.0 = Debug|Any CPU
		{C0AE1E2F-B900-4417-A6E4-317D4C9E313B}.Release|Any CPU.ActiveCfg = Release|Any CPU
		{C0AE1E2F-B900-4417-A6E4-317D4C9E313B}.Release|Any CPU.Build.0 = Release|Any CPU
		{C68910E4-83CF-4372-BB21-2557CC3837D9}.Debug|Any CPU.ActiveCfg = Debug|Any CPU
		{C68910E4-83CF-4372-BB21-2557CC3837D9}.Debug|Any CPU.Build.0 = Debug|Any CPU
		{C68910E4-83CF-4372-BB21-2557CC3837D9}.Release|Any CPU.ActiveCfg = Release|Any CPU
		{C68910E4-83CF-4372-BB21-2557CC3837D9}.Release|Any CPU.Build.0 = Release|Any CPU
		{9CC29017-6113-4FD1-BF26-82AF136180EE}.Debug|Any CPU.ActiveCfg = Debug|Any CPU
		{9CC29017-6113-4FD1-BF26-82AF136180EE}.Debug|Any CPU.Build.0 = Debug|Any CPU
		{9CC29017-6113-4FD1-BF26-82AF136180EE}.Release|Any CPU.ActiveCfg = Release|Any CPU
		{9CC29017-6113-4FD1-BF26-82AF136180EE}.Release|Any CPU.Build.0 = Release|Any CPU
		{C3B88560-5390-48A7-B81F-41E0E42711CA}.Debug|Any CPU.ActiveCfg = Debug|Any CPU
		{C3B88560-5390-48A7-B81F-41E0E42711CA}.Debug|Any CPU.Build.0 = Debug|Any CPU
		{C3B88560-5390-48A7-B81F-41E0E42711CA}.Release|Any CPU.ActiveCfg = Release|Any CPU
		{C3B88560-5390-48A7-B81F-41E0E42711CA}.Release|Any CPU.Build.0 = Release|Any CPU
	EndGlobalSection
	GlobalSection(SolutionProperties) = preSolution
		HideSolutionNode = FALSE
	EndGlobalSection
	GlobalSection(ExtensibilityGlobals) = postSolution
		SolutionGuid = {7F3953D6-8BB6-4C64-835B-C7107D7DF8C6}
	EndGlobalSection
EndGlobal
